Microsoft Visual Studio Solution File, Format Version 12.00
# Visual Studio Version 17
VisualStudioVersion = 17.5.2.0
MinimumVisualStudioVersion = 10.0.40219.1
Project("{FAE04EC0-301F-11D3-BF4B-00C04F79EFBC}") = "PortalAcademicoApp", "PortalAcademicoApp.csproj", "{73F78F8C-3710-1196-0A00-771947732BCF}"
EndProject
Global
	GlobalSection(SolutionConfigurationPlatforms) = preSolution
		Debug|Any CPU = Debug|Any CPU
		Release|Any CPU = Release|Any CPU
	EndGlobalSection
	GlobalSection(ProjectConfigurationPlatforms) = postSolution
		{73F78F8C-3710-1196-0A00-771947732BCF}.Debug|Any CPU.ActiveCfg = Debug|Any CPU
		{73F78F8C-3710-1196-0A00-771947732BCF}.Debug|Any CPU.Build.0 = Debug|Any CPU
		{73F78F8C-3710-1196-0A00-771947732BCF}.Release|Any CPU.ActiveCfg = Release|Any CPU
		{73F78F8C-3710-1196-0A00-771947732BCF}.Release|Any CPU.Build.0 = Release|Any CPU
	EndGlobalSection
	GlobalSection(SolutionProperties) = preSolution
		HideSolutionNode = FALSE
	EndGlobalSection
	GlobalSection(ExtensibilityGlobals) = postSolution
		SolutionGuid = {B75784AF-2D22-4A33-B89A-867B553C2F87}
	EndGlobalSection
EndGlobal
